
Microsoft Visual Studio Solution File, Format Version 12.00
# Visual Studio Version 16
VisualStudioVersion = 16.0.30413.136
MinimumVisualStudioVersion = 10.0.40219.1
Project("{FAE04EC0-301F-11D3-BF4B-00C04F79EFBC}") = "OdeToFood.Web", "OdeToFood.Web\OdeToFood.Web.csproj", "{D7D0181E-A5F7-43A3-8F34-89B572FD14D6}"
EndProject
Project("{2150E333-8FDC-42A3-9474-1A3956D46DE8}") = "Solution Items", "Solution Items", "{341B0195-A6F9-432B-B76D-1E0F67146172}"
	ProjectSection(SolutionItems) = preProject
		ReadMe.txt = ReadMe.txt
	EndProjectSection
EndProject
Project("{FAE04EC0-301F-11D3-BF4B-00C04F79EFBC}") = "OdeToFood.Data", "OdeToFood.Data\OdeToFood.Data.csproj", "{F24CCB8F-CCDB-4EC2-9FE8-89695939E5C4}"
EndProject
Global
	GlobalSection(SolutionConfigurationPlatforms) = preSolution
		Debug|Any CPU = Debug|Any CPU
		Release|Any CPU = Release|Any CPU
	EndGlobalSection
	GlobalSection(ProjectConfigurationPlatforms) = postSolution
		{D7D0181E-A5F7-43A3-8F34-89B572FD14D6}.Debug|Any CPU.ActiveCfg = Debug|Any CPU
		{D7D0181E-A5F7-43A3-8F34-89B572FD14D6}.Debug|Any CPU.Build.0 = Debug|Any CPU
		{D7D0181E-A5F7-43A3-8F34-89B572FD14D6}.Release|Any CPU.ActiveCfg = Release|Any CPU
		{D7D0181E-A5F7-43A3-8F34-89B572FD14D6}.Release|Any CPU.Build.0 = Release|Any CPU
		{F24CCB8F-CCDB-4EC2-9FE8-89695939E5C4}.Debug|Any CPU.ActiveCfg = Debug|Any CPU
		{F24CCB8F-CCDB-4EC2-9FE8-89695939E5C4}.Debug|Any CPU.Build.0 = Debug|Any CPU
		{F24CCB8F-CCDB-4EC2-9FE8-89695939E5C4}.Release|Any CPU.ActiveCfg = Release|Any CPU
		{F24CCB8F-CCDB-4EC2-9FE8-89695939E5C4}.Release|Any CPU.Build.0 = Release|Any CPU
	EndGlobalSection
	GlobalSection(SolutionProperties) = preSolution
		HideSolutionNode = FALSE
	EndGlobalSection
	GlobalSection(ExtensibilityGlobals) = postSolution
		SolutionGuid = {B2BEB149-2A76-46DB-B319-6833004C005F}
	EndGlobalSection
EndGlobal
